
Microsoft Visual Studio Solution File, Format Version 12.00
# Visual Studio 15
VisualStudioVersion = 15.0.28010.2041
MinimumVisualStudioVersion = 10.0.40219.1
Project("{8BC9CEB8-8B4A-11D0-8D11-00A0C91BC942}") = "MicMuteToggle", "MicMuteToggle\MicMuteToggle.vcxproj", "{F33701E7-31CC-4699-9519-7AE70CF004A0}"
EndProject
Global
	GlobalSection(SolutionConfigurationPlatforms) = preSolution
		Debug|x64 = Debug|x64
		Debug|x86 = Debug|x86
		Release|x64 = Release|x64
		Release|x86 = Release|x86
	EndGlobalSection
	GlobalSection(ProjectConfigurationPlatforms) = postSolution
		{F33701E7-31CC-4699-9519-7AE70CF004A0}.Debug|x64.ActiveCfg = Debug|x64
		{F33701E7-31CC-4699-9519-7AE70CF004A0}.Debug|x64.Build.0 = Debug|x64
		{F33701E7-31CC-4699-9519-7AE70CF004A0}.Debug|x86.ActiveCfg = Debug|Win32
		{F33701E7-31CC-4699-9519-7AE70CF004A0}.Debug|x86.Build.0 = Debug|Win32
		{F33701E7-31CC-4699-9519-7AE70CF004A0}.Release|x64.ActiveCfg = Release|x64
		{F33701E7-31CC-4699-9519-7AE70CF004A0}.Release|x64.Build.0 = Release|x64
		{F33701E7-31CC-4699-9519-7AE70CF004A0}.Release|x86.ActiveCfg = Release|Win32
		{F33701E7-31CC-4699-9519-7AE70CF004A0}.Release|x86.Build.0 = Release|Win32
	EndGlobalSection
	GlobalSection(SolutionProperties) = preSolution
		HideSolutionNode = FALSE
	EndGlobalSection
	GlobalSection(ExtensibilityGlobals) = postSolution
		SolutionGuid = {45A31239-2839-490B-80D9-645BB2B7DB32}
	EndGlobalSection
EndGlobal
